
Microsoft Visual Studio Solution File, Format Version 12.00
# Visual Studio 2012
Project("{FAE04EC0-301F-11D3-BF4B-00C04F79EFBC}") = "PrimerProyectoSaludo", "PrimerProyectoSaludo\PrimerProyectoSaludo.csproj", "{07E99613-604C-4E0A-B2D4-71F2CFBCE9FB}"
EndProject
Global
	GlobalSection(SolutionConfigurationPlatforms) = preSolution
		Debug|Any CPU = Debug|Any CPU
		Release|Any CPU = Release|Any CPU
	EndGlobalSection
	GlobalSection(ProjectConfigurationPlatforms) = postSolution
		{07E99613-604C-4E0A-B2D4-71F2CFBCE9FB}.Debug|Any CPU.ActiveCfg = Debug|Any CPU
		{07E99613-604C-4E0A-B2D4-71F2CFBCE9FB}.Debug|Any CPU.Build.0 = Debug|Any CPU
		{07E99613-604C-4E0A-B2D4-71F2CFBCE9FB}.Release|Any CPU.ActiveCfg = Release|Any CPU
		{07E99613-604C-4E0A-B2D4-71F2CFBCE9FB}.Release|Any CPU.Build.0 = Release|Any CPU
	EndGlobalSection
	GlobalSection(SolutionProperties) = preSolution
		HideSolutionNode = FALSE
	EndGlobalSection
EndGlobal
